
Microsoft Visual Studio Solution File, Format Version 12.00
# Visual Studio 15
VisualStudioVersion = 15.0.27703.2000
MinimumVisualStudioVersion = 10.0.40219.1
Project("{FAE04EC0-301F-11D3-BF4B-00C04F79EFBC}") = "MaratonaAvancada.Android", "MaratonaAvancada\MaratonaAvancada.Android\MaratonaAvancada.Android.csproj", "{4D9A01C8-4664-492C-BA8E-F987B6F9EDE6}"
EndProject
Project("{FAE04EC0-301F-11D3-BF4B-00C04F79EFBC}") = "MaratonaAvancada.iOS", "MaratonaAvancada\MaratonaAvancada.iOS\MaratonaAvancada.iOS.csproj", "{F97315F0-3AD9-4DA4-AD20-62A23C396C14}"
EndProject
Project("{FAE04EC0-301F-11D3-BF4B-00C04F79EFBC}") = "MaratonaAvancada", "MaratonaAvancada\MaratonaAvancada\MaratonaAvancada.csproj", "{23F166D6-8270-4E3D-9BD3-1E228C5C2D2C}"
EndProject
Global
	GlobalSection(SolutionConfigurationPlatforms) = preSolution
		Ad-Hoc|Any CPU = Ad-Hoc|Any CPU
		Ad-Hoc|iPhone = Ad-Hoc|iPhone
		Ad-Hoc|iPhoneSimulator = Ad-Hoc|iPhoneSimulator
		AppStore|Any CPU = AppStore|Any CPU
		AppStore|iPhone = AppStore|iPhone
		AppStore|iPhoneSimulator = AppStore|iPhoneSimulator
		Debug|Any CPU = Debug|Any CPU
		Debug|iPhone = Debug|iPhone
		Debug|iPhoneSimulator = Debug|iPhoneSimulator
		Release|Any CPU = Release|Any CPU
		Release|iPhone = Release|iPhone
		Release|iPhoneSimulator = Release|iPhoneSimulator
	EndGlobalSection
	GlobalSection(ProjectConfigurationPlatforms) = postSolution
		{4D9A01C8-4664-492C-BA8E-F987B6F9EDE6}.Ad-Hoc|Any CPU.ActiveCfg = Release|Any CPU
		{4D9A01C8-4664-492C-BA8E-F987B6F9EDE6}.Ad-Hoc|Any CPU.Build.0 = Release|Any CPU
		{4D9A01C8-4664-492C-BA8E-F987B6F9EDE6}.Ad-Hoc|Any CPU.Deploy.0 = Release|Any CPU
		{4D9A01C8-4664-492C-BA8E-F987B6F9EDE6}.Ad-Hoc|iPhone.ActiveCfg = Release|Any CPU
		{4D9A01C8-4664-492C-BA8E-F987B6F9EDE6}.Ad-Hoc|iPhone.Build.0 = Release|Any CPU
		{4D9A01C8-4664-492C-BA8E-F987B6F9EDE6}.Ad-Hoc|iPhone.Deploy.0 = Release|Any CPU
		{4D9A01C8-4664-492C-BA8E-F987B6F9EDE6}.Ad-Hoc|iPhoneSimulator.ActiveCfg = Release|Any CPU
		{4D9A01C8-4664-492C-BA8E-F987B6F9EDE6}.Ad-Hoc|iPhoneSimulator.Build.0 = Release|Any CPU
		{4D9A01C8-4664-492C-BA8E-F987B6F9EDE6}.Ad-Hoc|iPhoneSimulator.Deploy.0 = Release|Any CPU
		{4D9A01C8-4664-492C-BA8E-F987B6F9EDE6}.AppStore|Any CPU.ActiveCfg = Release|Any CPU
		{4D9A01C8-4664-492C-BA8E-F987B6F9EDE6}.AppStore|Any CPU.Build.0 = Release|Any CPU
		{4D9A01C8-4664-492C-BA8E-F987B6F9EDE6}.AppStore|Any CPU.Deploy.0 = Release|Any CPU
		{4D9A01C8-4664-492C-BA8E-F987B6F9EDE6}.AppStore|iPhone.ActiveCfg = Release|Any CPU
		{4D9A01C8-4664-492C-BA8E-F987B6F9EDE6}.AppStore|iPhone.Build.0 = Release|Any CPU
		{4D9A01C8-4664-492C-BA8E-F987B6F9EDE6}.AppStore|iPhone.Deploy.0 = Release|Any CPU
		{4D9A01C8-4664-492C-BA8E-F987B6F9EDE6}.AppStore|iPhoneSimulator.ActiveCfg = Release|Any CPU
		{4D9A01C8-4664-492C-BA8E-F987B6F9EDE6}.AppStore|iPhoneSimulator.Build.0 = Release|Any CPU
		{4D9A01C8-4664-492C-BA8E-F987B6F9EDE6}.AppStore|iPhoneSimulator.Deploy.0 = Release|Any CPU
		{4D9A01C8-4664-492C-BA8E-F987B6F9EDE6}.Debug|Any CPU.ActiveCfg = Debug|Any CPU
		{4D9A01C8-4664-492C-BA8E-F987B6F9EDE6}.Debug|Any CPU.Build.0 = Debug|Any CPU
		{4D9A01C8-4664-492C-BA8E-F987B6F9EDE6}.Debug|Any CPU.Deploy.0 = Debug|Any CPU
		{4D9A01C8-4664-492C-BA8E-F987B6F9EDE6}.Debug|iPhone.ActiveCfg = Debug|Any CPU
		{4D9A01C8-4664-492C-BA8E-F987B6F9EDE6}.Debug|iPhone.Build.0 = Debug|Any CPU
		{4D9A01C8-4664-492C-BA8E-F987B6F9EDE6}.Debug|iPhone.Deploy.0 = Debug|Any CPU
		{4D9A01C8-4664-492C-BA8E-F987B6F9EDE6}.Debug|iPhoneSimulator.ActiveCfg = Debug|Any CPU
		{4D9A01C8-4664-492C-BA8E-F987B6F9EDE6}.Debug|iPhoneSimulator.Build.0 = Debug|Any CPU
		{4D9A01C8-4664-492C-BA8E-F987B6F9EDE6}.Debug|iPhoneSimulator.Deploy.0 = Debug|Any CPU
		{4D9A01C8-4664-492C-BA8E-F987B6F9EDE6}.Release|Any CPU.ActiveCfg = Release|Any CPU
		{4D9A01C8-4664-492C-BA8E-F987B6F9EDE6}.Release|Any CPU.Build.0 = Release|Any CPU
		{4D9A01C8-4664-492C-BA8E-F987B6F9EDE6}.Release|Any CPU.Deploy.0 = Release|Any CPU
		{4D9A01C8-4664-492C-BA8E-F987B6F9EDE6}.Release|iPhone.ActiveCfg = Release|Any CPU
		{4D9A01C8-4664-492C-BA8E-F987B6F9EDE6}.Release|iPhone.Build.0 = Release|Any CPU
		{4D9A01C8-4664-492C-BA8E-F987B6F9EDE6}.Release|iPhone.Deploy.0 = Release|Any CPU
		{4D9A01C8-4664-492C-BA8E-F987B6F9EDE6}.Release|iPhoneSimulator.ActiveCfg = Release|Any CPU
		{4D9A01C8-4664-492C-BA8E-F987B6F9EDE6}.Release|iPhoneSimulator.Build.0 = Release|Any CPU
		{4D9A01C8-4664-492C-BA8E-F987B6F9EDE6}.Release|iPhoneSimulator.Deploy.0 = Release|Any CPU
		{F97315F0-3AD9-4DA4-AD20-62A23C396C14}.Ad-Hoc|Any CPU.ActiveCfg = Ad-Hoc|iPhone
		{F97315F0-3AD9-4DA4-AD20-62A23C396C14}.Ad-Hoc|Any CPU.Build.0 = Ad-Hoc|iPhone
		{F97315F0-3AD9-4DA4-AD20-62A23C396C14}.Ad-Hoc|Any CPU.Deploy.0 = Ad-Hoc|iPhone
		{F97315F0-3AD9-4DA4-AD20-62A23C396C14}.Ad-Hoc|iPhone.ActiveCfg = Ad-Hoc|iPhone
		{F97315F0-3AD9-4DA4-AD20-62A23C396C14}.Ad-Hoc|iPhone.Build.0 = Ad-Hoc|iPhone
		{F97315F0-3AD9-4DA4-AD20-62A23C396C14}.Ad-Hoc|iPhone.Deploy.0 = Ad-Hoc|iPhone
		{F97315F0-3AD9-4DA4-AD20-62A23C396C14}.Ad-Hoc|iPhoneSimulator.ActiveCfg = Ad-Hoc|iPhoneSimulator
		{F97315F0-3AD9-4DA4-AD20-62A23C396C14}.Ad-Hoc|iPhoneSimulator.Build.0 = Ad-Hoc|iPhoneSimulator
		{F97315F0-3AD9-4DA4-AD20-62A23C396C14}.Ad-Hoc|iPhoneSimulator.Deploy.0 = Ad-Hoc|iPhoneSimulator
		{F97315F0-3AD9-4DA4-AD20-62A23C396C14}.AppStore|Any CPU.ActiveCfg = AppStore|iPhone
		{F97315F0-3AD9-4DA4-AD20-62A23C396C14}.AppStore|Any CPU.Build.0 = AppStore|iPhone
		{F97315F0-3AD9-4DA4-AD20-62A23C396C14}.AppStore|Any CPU.Deploy.0 = AppStore|iPhone
		{F97315F0-3AD9-4DA4-AD20-62A23C396C14}.AppStore|iPhone.ActiveCfg = AppStore|iPhone
		{F97315F0-3AD9-4DA4-AD20-62A23C396C14}.AppStore|iPhone.Build.0 = AppStore|iPhone
		{F97315F0-3AD9-4DA4-AD20-62A23C396C14}.AppStore|iPhone.Deploy.0 = AppStore|iPhone
		{F97315F0-3AD9-4DA4-AD20-62A23C396C14}.AppStore|iPhoneSimulator.ActiveCfg = AppStore|iPhoneSimulator
		{F97315F0-3AD9-4DA4-AD20-62A23C396C14}.AppStore|iPhoneSimulator.Build.0 = AppStore|iPhoneSimulator
		{F97315F0-3AD9-4DA4-AD20-62A23C396C14}.AppStore|iPhoneSimulator.Deploy.0 = AppStore|iPhoneSimulator
		{F97315F0-3AD9-4DA4-AD20-62A23C396C14}.Debug|Any CPU.ActiveCfg = Debug|iPhoneSimulator
		{F97315F0-3AD9-4DA4-AD20-62A23C396C14}.Debug|Any CPU.Build.0 = Debug|iPhoneSimulator
		{F97315F0-3AD9-4DA4-AD20-62A23C396C14}.Debug|Any CPU.Deploy.0 = Debug|iPhoneSimulator
		{F97315F0-3AD9-4DA4-AD20-62A23C396C14}.Debug|iPhone.ActiveCfg = Debug|iPhone
		{F97315F0-3AD9-4DA4-AD20-62A23C396C14}.Debug|iPhone.Build.0 = Debug|iPhone
		{F97315F0-3AD9-4DA4-AD20-62A23C396C14}.Debug|iPhone.Deploy.0 = Debug|iPhone
		{F97315F0-3AD9-4DA4-AD20-62A23C396C14}.Debug|iPhoneSimulator.ActiveCfg = Debug|iPhoneSimulator
		{F97315F0-3AD9-4DA4-AD20-62A23C396C14}.Debug|iPhoneSimulator.Build.0 = Debug|iPhoneSimulator
		{F97315F0-3AD9-4DA4-AD20-62A23C396C14}.Debug|iPhoneSimulator.Deploy.0 = Debug|iPhoneSimulator
		{F97315F0-3AD9-4DA4-AD20-62A23C396C14}.Release|Any CPU.ActiveCfg = Release|iPhone
		{F97315F0-3AD9-4DA4-AD20-62A23C396C14}.Release|Any CPU.Build.0 = Release|iPhone
		{F97315F0-3AD9-4DA4-AD20-62A23C396C14}.Release|Any CPU.Deploy.0 = Release|iPhone
		{F97315F0-3AD9-4DA4-AD20-62A23C396C14}.Release|iPhone.ActiveCfg = Release|iPhone
		{F97315F0-3AD9-4DA4-AD20-62A23C396C14}.Release|iPhone.Build.0 = Release|iPhone
		{F97315F0-3AD9-4DA4-AD20-62A23C396C14}.Release|iPhone.Deploy.0 = Release|iPhone
		{F97315F0-3AD9-4DA4-AD20-62A23C396C14}.Release|iPhoneSimulator.ActiveCfg = Release|iPhoneSimulator
		{F97315F0-3AD9-4DA4-AD20-62A23C396C14}.Release|iPhoneSimulator.Build.0 = Release|iPhoneSimulator
		{F97315F0-3AD9-4DA4-AD20-62A23C396C14}.Release|iPhoneSimulator.Deploy.0 = Release|iPhoneSimulator
		{23F166D6-8270-4E3D-9BD3-1E228C5C2D2C}.Ad-Hoc|Any CPU.ActiveCfg = Debug|Any CPU
		{23F166D6-8270-4E3D-9BD3-1E228C5C2D2C}.Ad-Hoc|Any CPU.Build.0 = Debug|Any CPU
		{23F166D6-8270-4E3D-9BD3-1E228C5C2D2C}.Ad-Hoc|Any CPU.Deploy.0 = Debug|Any CPU
		{23F166D6-8270-4E3D-9BD3-1E228C5C2D2C}.Ad-Hoc|iPhone.ActiveCfg = Debug|Any CPU
		{23F166D6-8270-4E3D-9BD3-1E228C5C2D2C}.Ad-Hoc|iPhone.Build.0 = Debug|Any CPU
		{23F166D6-8270-4E3D-9BD3-1E228C5C2D2C}.Ad-Hoc|iPhone.Deploy.0 = Debug|Any CPU
		{23F166D6-8270-4E3D-9BD3-1E228C5C2D2C}.Ad-Hoc|iPhoneSimulator.ActiveCfg = Debug|Any CPU
		{23F166D6-8270-4E3D-9BD3-1E228C5C2D2C}.Ad-Hoc|iPhoneSimulator.Build.0 = Debug|Any CPU
		{23F166D6-8270-4E3D-9BD3-1E228C5C2D2C}.Ad-Hoc|iPhoneSimulator.Deploy.0 = Debug|Any CPU
		{23F166D6-8270-4E3D-9BD3-1E228C5C2D2C}.AppStore|Any CPU.ActiveCfg = Debug|Any CPU
		{23F166D6-8270-4E3D-9BD3-1E228C5C2D2C}.AppStore|Any CPU.Build.0 = Debug|Any CPU
		{23F166D6-8270-4E3D-9BD3-1E228C5C2D2C}.AppStore|Any CPU.Deploy.0 = Debug|Any CPU
		{23F166D6-8270-4E3D-9BD3-1E228C5C2D2C}.AppStore|iPhone.ActiveCfg = Debug|Any CPU
		{23F166D6-8270-4E3D-9BD3-1E228C5C2D2C}.AppStore|iPhone.Build.0 = Debug|Any CPU
		{23F166D6-8270-4E3D-9BD3-1E228C5C2D2C}.AppStore|iPhone.Deploy.0 = Debug|Any CPU
		{23F166D6-8270-4E3D-9BD3-1E228C5C2D2C}.AppStore|iPhoneSimulator.ActiveCfg = Debug|Any CPU
		{23F166D6-8270-4E3D-9BD3-1E228C5C2D2C}.AppStore|iPhoneSimulator.Build.0 = Debug|Any CPU
		{23F166D6-8270-4E3D-9BD3-1E228C5C2D2C}.AppStore|iPhoneSimulator.Deploy.0 = Debug|Any CPU
		{23F166D6-8270-4E3D-9BD3-1E228C5C2D2C}.Debug|Any CPU.ActiveCfg = Debug|Any CPU
		{23F166D6-8270-4E3D-9BD3-1E228C5C2D2C}.Debug|Any CPU.Build.0 = Debug|Any CPU
		{23F166D6-8270-4E3D-9BD3-1E228C5C2D2C}.Debug|Any CPU.Deploy.0 = Debug|Any CPU
		{23F166D6-8270-4E3D-9BD3-1E228C5C2D2C}.Debug|iPhone.ActiveCfg = Debug|Any CPU
		{23F166D6-8270-4E3D-9BD3-1E228C5C2D2C}.Debug|iPhone.Build.0 = Debug|Any CPU
		{23F166D6-8270-4E3D-9BD3-1E228C5C2D2C}.Debug|iPhone.Deploy.0 = Debug|Any CPU
		{23F166D6-8270-4E3D-9BD3-1E228C5C2D2C}.Debug|iPhoneSimulator.ActiveCfg = Debug|Any CPU
		{23F166D6-8270-4E3D-9BD3-1E228C5C2D2C}.Debug|iPhoneSimulator.Build.0 = Debug|Any CPU
		{23F166D6-8270-4E3D-9BD3-1E228C5C2D2C}.Debug|iPhoneSimulator.Deploy.0 = Debug|Any CPU
		{23F166D6-8270-4E3D-9BD3-1E228C5C2D2C}.Release|Any CPU.ActiveCfg = Release|Any CPU
		{23F166D6-8270-4E3D-9BD3-1E228C5C2D2C}.Release|Any CPU.Build.0 = Release|Any CPU
		{23F166D6-8270-4E3D-9BD3-1E228C5C2D2C}.Release|Any CPU.Deploy.0 = Release|Any CPU
		{23F166D6-8270-4E3D-9BD3-1E228C5C2D2C}.Release|iPhone.ActiveCfg = Release|Any CPU
		{23F166D6-8270-4E3D-9BD3-1E228C5C2D2C}.Release|iPhone.Build.0 = Release|Any CPU
		{23F166D6-8270-4E3D-9BD3-1E228C5C2D2C}.Release|iPhone.Deploy.0 = Release|Any CPU
		{23F166D6-8270-4E3D-9BD3-1E228C5C2D2C}.Release|iPhoneSimulator.ActiveCfg = Release|Any CPU
		{23F166D6-8270-4E3D-9BD3-1E228C5C2D2C}.Release|iPhoneSimulator.Build.0 = Release|Any CPU
		{23F166D6-8270-4E3D-9BD3-1E228C5C2D2C}.Release|iPhoneSimulator.Deploy.0 = Release|Any CPU
	EndGlobalSection
	GlobalSection(SolutionProperties) = preSolution
		HideSolutionNode = FALSE
	EndGlobalSection
	GlobalSection(ExtensibilityGlobals) = postSolution
		SolutionGuid = {1BD2F365-1955-4055-A1CD-73A4FF88521B}
	EndGlobalSection
EndGlobal
